
Microsoft Visual Studio Solution File, Format Version 12.00
# Visual Studio Version 17
VisualStudioVersion = 17.13.35919.96 d17.13
MinimumVisualStudioVersion = 10.0.40219.1
Project("{FAE04EC0-301F-11D3-BF4B-00C04F79EFBC}") = "EventBookingApp", "EventBookingApp\EventBookingApp.csproj", "{33F435D0-F568-408A-92E4-60BF1B01D105}"
EndProject
Global
	GlobalSection(SolutionConfigurationPlatforms) = preSolution
		Debug|Any CPU = Debug|Any CPU
		Release|Any CPU = Release|Any CPU
	EndGlobalSection
	GlobalSection(ProjectConfigurationPlatforms) = postSolution
		{33F435D0-F568-408A-92E4-60BF1B01D105}.Debug|Any CPU.ActiveCfg = Debug|Any CPU
		{33F435D0-F568-408A-92E4-60BF1B01D105}.Debug|Any CPU.Build.0 = Debug|Any CPU
		{33F435D0-F568-408A-92E4-60BF1B01D105}.Release|Any CPU.ActiveCfg = Release|Any CPU
		{33F435D0-F568-408A-92E4-60BF1B01D105}.Release|Any CPU.Build.0 = Release|Any CPU
	EndGlobalSection
	GlobalSection(SolutionProperties) = preSolution
		HideSolutionNode = FALSE
	EndGlobalSection
	GlobalSection(ExtensibilityGlobals) = postSolution
		SolutionGuid = {7E79ECC2-B42B-4DE4-8C32-0D84531A4D8B}
	EndGlobalSection
EndGlobal
